
Microsoft Visual Studio Solution File, Format Version 12.00
# Visual Studio Version 16
VisualStudioVersion = 16.0.32413.511
MinimumVisualStudioVersion = 10.0.40219.1
Project("{8BC9CEB8-8B4A-11D0-8D11-00A0C91BC942}") = "622110186_Lab1-958202-1", "622110186_Lab2-958202\622110186_Lab2-958202.vcxproj", "{4C3F60C0-8314-4D5E-9FB3-32C7C0F01B07}"
EndProject
Project("{8BC9CEB8-8B4A-11D0-8D11-00A0C91BC942}") = "622110286_Lab1-958202-2", "622110286_Lab2-958202-2\622110286_Lab2-958202-2.vcxproj", "{CA4D671E-BE8C-4AAD-866F-A33075FD5E2C}"
EndProject
Project("{8BC9CEB8-8B4A-11D0-8D11-00A0C91BC942}") = "622110286_Lab1-958202-3_1", "622110286_Lab1-958202-3_1\622110286_Lab1-958202-3_1.vcxproj", "{D2260EBA-BAAA-4817-BC4F-A2784E1C8701}"
EndProject
Project("{8BC9CEB8-8B4A-11D0-8D11-00A0C91BC942}") = "622110286_Lab1-958202-3_2", "622110286_Lab1-958202-3_2\622110286_Lab1-958202-3_2.vcxproj", "{CC030A5B-F465-4FEB-81ED-250722BA4C57}"
EndProject
Project("{8BC9CEB8-8B4A-11D0-8D11-00A0C91BC942}") = "622110286_Lab1-958202-3_3", "622110286_Lab1-958202-3_3\622110286_Lab1-958202-3_3.vcxproj", "{A12CE57B-F327-4DD4-A8E8-0D269F65FA4C}"
EndProject
Project("{8BC9CEB8-8B4A-11D0-8D11-00A0C91BC942}") = "622110286_Lab1-958202-3_4", "622110286_Lab1-958202-3_4\622110286_Lab1-958202-3_4.vcxproj", "{A62B8F36-341B-4C55-8713-1AE0A0981D30}"
EndProject
Project("{8BC9CEB8-8B4A-11D0-8D11-00A0C91BC942}") = "622110286_Lab1-958202-4", "622110286_Lab1-958202-4\622110286_Lab1-958202-4.vcxproj", "{34955B58-2050-4404-926E-CB799B33A524}"
EndProject
Global
	GlobalSection(SolutionConfigurationPlatforms) = preSolution
		Debug|x64 = Debug|x64
		Debug|x86 = Debug|x86
		Release|x64 = Release|x64
		Release|x86 = Release|x86
	EndGlobalSection
	GlobalSection(ProjectConfigurationPlatforms) = postSolution
		{4C3F60C0-8314-4D5E-9FB3-32C7C0F01B07}.Debug|x64.ActiveCfg = Debug|x64
		{4C3F60C0-8314-4D5E-9FB3-32C7C0F01B07}.Debug|x64.Build.0 = Debug|x64
		{4C3F60C0-8314-4D5E-9FB3-32C7C0F01B07}.Debug|x86.ActiveCfg = Debug|Win32
		{4C3F60C0-8314-4D5E-9FB3-32C7C0F01B07}.Debug|x86.Build.0 = Debug|Win32
		{4C3F60C0-8314-4D5E-9FB3-32C7C0F01B07}.Release|x64.ActiveCfg = Release|x64
		{4C3F60C0-8314-4D5E-9FB3-32C7C0F01B07}.Release|x64.Build.0 = Release|x64
		{4C3F60C0-8314-4D5E-9FB3-32C7C0F01B07}.Release|x86.ActiveCfg = Release|Win32
		{4C3F60C0-8314-4D5E-9FB3-32C7C0F01B07}.Release|x86.Build.0 = Release|Win32
		{CA4D671E-BE8C-4AAD-866F-A33075FD5E2C}.Debug|x64.ActiveCfg = Debug|x64
		{CA4D671E-BE8C-4AAD-866F-A33075FD5E2C}.Debug|x64.Build.0 = Debug|x64
		{CA4D671E-BE8C-4AAD-866F-A33075FD5E2C}.Debug|x86.ActiveCfg = Debug|Win32
		{CA4D671E-BE8C-4AAD-866F-A33075FD5E2C}.Debug|x86.Build.0 = Debug|Win32
		{CA4D671E-BE8C-4AAD-866F-A33075FD5E2C}.Release|x64.ActiveCfg = Release|x64
		{CA4D671E-BE8C-4AAD-866F-A33075FD5E2C}.Release|x64.Build.0 = Release|x64
		{CA4D671E-BE8C-4AAD-866F-A33075FD5E2C}.Release|x86.ActiveCfg = Release|Win32
		{CA4D671E-BE8C-4AAD-866F-A33075FD5E2C}.Release|x86.Build.0 = Release|Win32
		{D2260EBA-BAAA-4817-BC4F-A2784E1C8701}.Debug|x64.ActiveCfg = Debug|x64
		{D2260EBA-BAAA-4817-BC4F-A2784E1C8701}.Debug|x64.Build.0 = Debug|x64
		{D2260EBA-BAAA-4817-BC4F-A2784E1C8701}.Debug|x86.ActiveCfg = Debug|Win32
		{D2260EBA-BAAA-4817-BC4F-A2784E1C8701}.Debug|x86.Build.0 = Debug|Win32
		{D2260EBA-BAAA-4817-BC4F-A2784E1C8701}.Release|x64.ActiveCfg = Release|x64
		{D2260EBA-BAAA-4817-BC4F-A2784E1C8701}.Release|x64.Build.0 = Release|x64
		{D2260EBA-BAAA-4817-BC4F-A2784E1C8701}.Release|x86.ActiveCfg = Release|Win32
		{D2260EBA-BAAA-4817-BC4F-A2784E1C8701}.Release|x86.Build.0 = Release|Win32
		{CC030A5B-F465-4FEB-81ED-250722BA4C57}.Debug|x64.ActiveCfg = Debug|x64
		{CC030A5B-F465-4FEB-81ED-250722BA4C57}.Debug|x64.Build.0 = Debug|x64
		{CC030A5B-F465-4FEB-81ED-250722BA4C57}.Debug|x86.ActiveCfg = Debug|Win32
		{CC030A5B-F465-4FEB-81ED-250722BA4C57}.Debug|x86.Build.0 = Debug|Win32
		{CC030A5B-F465-4FEB-81ED-250722BA4C57}.Release|x64.ActiveCfg = Release|x64
		{CC030A5B-F465-4FEB-81ED-250722BA4C57}.Release|x64.Build.0 = Release|x64
		{CC030A5B-F465-4FEB-81ED-250722BA4C57}.Release|x86.ActiveCfg = Release|Win32
		{CC030A5B-F465-4FEB-81ED-250722BA4C57}.Release|x86.Build.0 = Release|Win32
		{A12CE57B-F327-4DD4-A8E8-0D269F65FA4C}.Debug|x64.ActiveCfg = Debug|x64
		{A12CE57B-F327-4DD4-A8E8-0D269F65FA4C}.Debug|x64.Build.0 = Debug|x64
		{A12CE57B-F327-4DD4-A8E8-0D269F65FA4C}.Debug|x86.ActiveCfg = Debug|Win32
		{A12CE57B-F327-4DD4-A8E8-0D269F65FA4C}.Debug|x86.Build.0 = Debug|Win32
		{A12CE57B-F327-4DD4-A8E8-0D269F65FA4C}.Release|x64.ActiveCfg = Release|x64
		{A12CE57B-F327-4DD4-A8E8-0D269F65FA4C}.Release|x64.Build.0 = Release|x64
		{A12CE57B-F327-4DD4-A8E8-0D269F65FA4C}.Release|x86.ActiveCfg = Release|Win32
		{A12CE57B-F327-4DD4-A8E8-0D269F65FA4C}.Release|x86.Build.0 = Release|Win32
		{A62B8F36-341B-4C55-8713-1AE0A0981D30}.Debug|x64.ActiveCfg = Debug|x64
		{A62B8F36-341B-4C55-8713-1AE0A0981D30}.Debug|x64.Build.0 = Debug|x64
		{A62B8F36-341B-4C55-8713-1AE0A0981D30}.Debug|x86.ActiveCfg = Debug|Win32
		{A62B8F36-341B-4C55-8713-1AE0A0981D30}.Debug|x86.Build.0 = Debug|Win32
		{A62B8F36-341B-4C55-8713-1AE0A0981D30}.Release|x64.ActiveCfg = Release|x64
		{A62B8F36-341B-4C55-8713-1AE0A0981D30}.Release|x64.Build.0 = Release|x64
		{A62B8F36-341B-4C55-8713-1AE0A0981D30}.Release|x86.ActiveCfg = Release|Win32
		{A62B8F36-341B-4C55-8713-1AE0A0981D30}.Release|x86.Build.0 = Release|Win32
		{34955B58-2050-4404-926E-CB799B33A524}.Debug|x64.ActiveCfg = Debug|x64
		{34955B58-2050-4404-926E-CB799B33A524}.Debug|x64.Build.0 = Debug|x64
		{34955B58-2050-4404-926E-CB799B33A524}.Debug|x86.ActiveCfg = Debug|Win32
		{34955B58-2050-4404-926E-CB799B33A524}.Debug|x86.Build.0 = Debug|Win32
		{34955B58-2050-4404-926E-CB799B33A524}.Release|x64.ActiveCfg = Release|x64
		{34955B58-2050-4404-926E-CB799B33A524}.Release|x64.Build.0 = Release|x64
		{34955B58-2050-4404-926E-CB799B33A524}.Release|x86.ActiveCfg = Release|Win32
		{34955B58-2050-4404-926E-CB799B33A524}.Release|x86.Build.0 = Release|Win32
	EndGlobalSection
	GlobalSection(SolutionProperties) = preSolution
		HideSolutionNode = FALSE
	EndGlobalSection
	GlobalSection(ExtensibilityGlobals) = postSolution
		SolutionGuid = {2138F3E5-3741-476D-9048-5D51C792D9EC}
	EndGlobalSection
EndGlobal
